
Microsoft Visual Studio Solution File, Format Version 12.00
# Visual Studio Version 16
VisualStudioVersion = 16.0.31205.134
MinimumVisualStudioVersion = 10.0.40219.1
Project("{9A19103F-16F7-4668-BE54-9A1E7A4F7556}") = "DataAccess", "DataAccess\DataAccess.csproj", "{3F72B65D-1BCA-4682-B0B7-41A85A336624}"
EndProject
Project("{9A19103F-16F7-4668-BE54-9A1E7A4F7556}") = "Business", "Business\Business.csproj", "{6529C2D5-189F-47F2-9943-FBEB7057F644}"
EndProject
Project("{9A19103F-16F7-4668-BE54-9A1E7A4F7556}") = "Entities", "Entities\Entities.csproj", "{5A460B2B-04FC-4075-B0E0-26CEDCE3CF9E}"
EndProject
Project("{9A19103F-16F7-4668-BE54-9A1E7A4F7556}") = "ConsoleUI", "ConsoleUI\ConsoleUI.csproj", "{24606AB2-B13E-4F08-A680-107E76840A3F}"
EndProject
Project("{FAE04EC0-301F-11D3-BF4B-00C04F79EFBC}") = "Core", "Core\Core.csproj", "{1D5DF695-8D4E-43BA-B26A-417DDFF4E902}"
EndProject
Global
	GlobalSection(SolutionConfigurationPlatforms) = preSolution
		Debug|Any CPU = Debug|Any CPU
		Release|Any CPU = Release|Any CPU
	EndGlobalSection
	GlobalSection(ProjectConfigurationPlatforms) = postSolution
		{3F72B65D-1BCA-4682-B0B7-41A85A336624}.Debug|Any CPU.ActiveCfg = Debug|Any CPU
		{3F72B65D-1BCA-4682-B0B7-41A85A336624}.Debug|Any CPU.Build.0 = Debug|Any CPU
		{3F72B65D-1BCA-4682-B0B7-41A85A336624}.Release|Any CPU.ActiveCfg = Release|Any CPU
		{3F72B65D-1BCA-4682-B0B7-41A85A336624}.Release|Any CPU.Build.0 = Release|Any CPU
		{6529C2D5-189F-47F2-9943-FBEB7057F644}.Debug|Any CPU.ActiveCfg = Debug|Any CPU
		{6529C2D5-189F-47F2-9943-FBEB7057F644}.Debug|Any CPU.Build.0 = Debug|Any CPU
		{6529C2D5-189F-47F2-9943-FBEB7057F644}.Release|Any CPU.ActiveCfg = Release|Any CPU
		{6529C2D5-189F-47F2-9943-FBEB7057F644}.Release|Any CPU.Build.0 = Release|Any CPU
		{5A460B2B-04FC-4075-B0E0-26CEDCE3CF9E}.Debug|Any CPU.ActiveCfg = Debug|Any CPU
		{5A460B2B-04FC-4075-B0E0-26CEDCE3CF9E}.Debug|Any CPU.Build.0 = Debug|Any CPU
		{5A460B2B-04FC-4075-B0E0-26CEDCE3CF9E}.Release|Any CPU.ActiveCfg = Release|Any CPU
		{5A460B2B-04FC-4075-B0E0-26CEDCE3CF9E}.Release|Any CPU.Build.0 = Release|Any CPU
		{24606AB2-B13E-4F08-A680-107E76840A3F}.Debug|Any CPU.ActiveCfg = Debug|Any CPU
		{24606AB2-B13E-4F08-A680-107E76840A3F}.Debug|Any CPU.Build.0 = Debug|Any CPU
		{24606AB2-B13E-4F08-A680-107E76840A3F}.Release|Any CPU.ActiveCfg = Release|Any CPU
		{24606AB2-B13E-4F08-A680-107E76840A3F}.Release|Any CPU.Build.0 = Release|Any CPU
		{1D5DF695-8D4E-43BA-B26A-417DDFF4E902}.Debug|Any CPU.ActiveCfg = Debug|Any CPU
		{1D5DF695-8D4E-43BA-B26A-417DDFF4E902}.Debug|Any CPU.Build.0 = Debug|Any CPU
		{1D5DF695-8D4E-43BA-B26A-417DDFF4E902}.Release|Any CPU.ActiveCfg = Release|Any CPU
		{1D5DF695-8D4E-43BA-B26A-417DDFF4E902}.Release|Any CPU.Build.0 = Release|Any CPU
	EndGlobalSection
	GlobalSection(SolutionProperties) = preSolution
		HideSolutionNode = FALSE
	EndGlobalSection
	GlobalSection(ExtensibilityGlobals) = postSolution
		SolutionGuid = {E2BB537D-B464-4A97-A577-3DB9266430E4}
	EndGlobalSection
EndGlobal
